
Microsoft Visual Studio Solution File, Format Version 12.00
# Visual Studio Version 16
VisualStudioVersion = 16.0.29613.14
MinimumVisualStudioVersion = 10.0.40219.1
Project("{FAE04EC0-301F-11D3-BF4B-00C04F79EFBC}") = "PrinterService", "PrinterService\PrinterService.csproj", "{E3C7E18F-BF51-4B26-B0A8-6ECECC5161A9}"
EndProject
Global
	GlobalSection(SolutionConfigurationPlatforms) = preSolution
		Debug|Any CPU = Debug|Any CPU
		Release|Any CPU = Release|Any CPU
	EndGlobalSection
	GlobalSection(ProjectConfigurationPlatforms) = postSolution
		{E3C7E18F-BF51-4B26-B0A8-6ECECC5161A9}.Debug|Any CPU.ActiveCfg = Debug|Any CPU
		{E3C7E18F-BF51-4B26-B0A8-6ECECC5161A9}.Debug|Any CPU.Build.0 = Debug|Any CPU
		{E3C7E18F-BF51-4B26-B0A8-6ECECC5161A9}.Release|Any CPU.ActiveCfg = Release|Any CPU
		{E3C7E18F-BF51-4B26-B0A8-6ECECC5161A9}.Release|Any CPU.Build.0 = Release|Any CPU
	EndGlobalSection
	GlobalSection(SolutionProperties) = preSolution
		HideSolutionNode = FALSE
	EndGlobalSection
	GlobalSection(ExtensibilityGlobals) = postSolution
		SolutionGuid = {80A6FF23-1D62-428B-9F7A-C8F32C81B492}
	EndGlobalSection
EndGlobal
